
Microsoft Visual Studio Solution File, Format Version 12.00
# Visual Studio Version 17
VisualStudioVersion = 17.2.32616.157
MinimumVisualStudioVersion = 10.0.40219.1
Project("{FAE04EC0-301F-11D3-BF4B-00C04F79EFBC}") = "TeamsMicrophoneLevel", "TeamsMicrophoneLevel\TeamsMicrophoneLevel.csproj", "{DB467E32-C8BB-4592-8D21-577D56D6AC2E}"
EndProject
Global
	GlobalSection(SolutionConfigurationPlatforms) = preSolution
		Debug|Any CPU = Debug|Any CPU
		Release|Any CPU = Release|Any CPU
	EndGlobalSection
	GlobalSection(ProjectConfigurationPlatforms) = postSolution
		{DB467E32-C8BB-4592-8D21-577D56D6AC2E}.Debug|Any CPU.ActiveCfg = Debug|Any CPU
		{DB467E32-C8BB-4592-8D21-577D56D6AC2E}.Debug|Any CPU.Build.0 = Debug|Any CPU
		{DB467E32-C8BB-4592-8D21-577D56D6AC2E}.Release|Any CPU.ActiveCfg = Release|Any CPU
		{DB467E32-C8BB-4592-8D21-577D56D6AC2E}.Release|Any CPU.Build.0 = Release|Any CPU
	EndGlobalSection
	GlobalSection(SolutionProperties) = preSolution
		HideSolutionNode = FALSE
	EndGlobalSection
	GlobalSection(ExtensibilityGlobals) = postSolution
		SolutionGuid = {64436853-978F-4CFF-86A1-9CEB7A46D760}
	EndGlobalSection
EndGlobal
